
Microsoft Visual Studio Solution File, Format Version 12.00
# Visual Studio 15
VisualStudioVersion = 15.0.26124.0
MinimumVisualStudioVersion = 15.0.26124.0
Project("{2150E333-8FDC-42A3-9474-1A3956D46DE8}") = "src", "src", "{D067D9A3-32FE-4B01-85C3-9158417FE12C}"
EndProject
Project("{FAE04EC0-301F-11D3-BF4B-00C04F79EFBC}") = "analysis", "src\core\core.csproj", "{3B806027-868A-4619-894A-82A32E9F9037}"
EndProject
Project("{FAE04EC0-301F-11D3-BF4B-00C04F79EFBC}") = "financialmodelingclient", "src\infrastructure\financialmodelingclient\financialmodelingclient.csproj", "{28834F0A-7FBD-4DD5-9E18-97E99CF79371}"
EndProject
Project("{FAE04EC0-301F-11D3-BF4B-00C04F79EFBC}") = "web", "src\web\web.csproj", "{93CEE505-9175-4866-9DE5-FF83D00B98F4}"
EndProject
Project("{FAE04EC0-301F-11D3-BF4B-00C04F79EFBC}") = "storage", "src\infrastructure\storage.postgres\storage.postgres.csproj", "{DCB83A00-07F6-4B06-81F3-2E4E51BC4C77}"
EndProject
Project("{2150E333-8FDC-42A3-9474-1A3956D46DE8}") = "tests", "tests", "{0B527AF4-E22E-4199-932A-F0ADA799EFE4}"
EndProject
Project("{FAE04EC0-301F-11D3-BF4B-00C04F79EFBC}") = "storage", "tests\storagetests\storagetests.csproj", "{E884FB4B-6E47-4220-BCF4-0A316BC5C90B}"
EndProject
Project("{FAE04EC0-301F-11D3-BF4B-00C04F79EFBC}") = "coretests", "tests\coretests\coretests.csproj", "{541F5F3C-35EF-4BC9-91E0-02AB27AAA1D9}"
EndProject
Project("{2150E333-8FDC-42A3-9474-1A3956D46DE8}") = "infrastructure", "infrastructure", "{C5CD2ABD-C8B8-43E9-91DD-07B42C48ED62}"
EndProject
Project("{FAE04EC0-301F-11D3-BF4B-00C04F79EFBC}") = "iexclient", "src\infrastructure\iexclient\iexclient.csproj", "{192647DC-F3E2-4E75-B29D-58D55F63A4FE}"
EndProject
Project("{2150E333-8FDC-42A3-9474-1A3956D46DE8}") = "infrastructuretests", "infrastructuretests", "{E32D8CC2-C013-4386-BDAF-840EC6AE86F5}"
EndProject
Project("{FAE04EC0-301F-11D3-BF4B-00C04F79EFBC}") = "iexclienttests", "tests\infrastructuretests\iexclienttests\iexclienttests.csproj", "{EB6F4C3A-1886-4D2E-A8FB-45D97A91EB9F}"
EndProject
Project("{FAE04EC0-301F-11D3-BF4B-00C04F79EFBC}") = "storage", "src\infrastructure\storage.redis\storage.redis.csproj", "{BDD3C3AC-04DD-4CE5-9334-F96E57E1A46B}"
EndProject
Project("{FAE04EC0-301F-11D3-BF4B-00C04F79EFBC}") = "storage.redis.tests", "tests\storage.redis.tests\storage.redis.tests.csproj", "{3A44E11D-B885-4A25-9B4A-630EF5D57D95}"
EndProject
Project("{FAE04EC0-301F-11D3-BF4B-00C04F79EFBC}") = "storage.shared", "src\infrastructure\storage.shared\storage.shared.csproj", "{23838AAA-6719-4227-966E-5A1D8D5AE2CC}"
EndProject
Global
	GlobalSection(SolutionConfigurationPlatforms) = preSolution
		Debug|Any CPU = Debug|Any CPU
		Debug|x64 = Debug|x64
		Debug|x86 = Debug|x86
		Release|Any CPU = Release|Any CPU
		Release|x64 = Release|x64
		Release|x86 = Release|x86
	EndGlobalSection
	GlobalSection(SolutionProperties) = preSolution
		HideSolutionNode = FALSE
	EndGlobalSection
	GlobalSection(ProjectConfigurationPlatforms) = postSolution
		{3B806027-868A-4619-894A-82A32E9F9037}.Debug|Any CPU.ActiveCfg = Debug|Any CPU
		{3B806027-868A-4619-894A-82A32E9F9037}.Debug|Any CPU.Build.0 = Debug|Any CPU
		{3B806027-868A-4619-894A-82A32E9F9037}.Debug|x64.ActiveCfg = Debug|Any CPU
		{3B806027-868A-4619-894A-82A32E9F9037}.Debug|x64.Build.0 = Debug|Any CPU
		{3B806027-868A-4619-894A-82A32E9F9037}.Debug|x86.ActiveCfg = Debug|Any CPU
		{3B806027-868A-4619-894A-82A32E9F9037}.Debug|x86.Build.0 = Debug|Any CPU
		{3B806027-868A-4619-894A-82A32E9F9037}.Release|Any CPU.ActiveCfg = Release|Any CPU
		{3B806027-868A-4619-894A-82A32E9F9037}.Release|Any CPU.Build.0 = Release|Any CPU
		{3B806027-868A-4619-894A-82A32E9F9037}.Release|x64.ActiveCfg = Release|Any CPU
		{3B806027-868A-4619-894A-82A32E9F9037}.Release|x64.Build.0 = Release|Any CPU
		{3B806027-868A-4619-894A-82A32E9F9037}.Release|x86.ActiveCfg = Release|Any CPU
		{3B806027-868A-4619-894A-82A32E9F9037}.Release|x86.Build.0 = Release|Any CPU
		{28834F0A-7FBD-4DD5-9E18-97E99CF79371}.Debug|Any CPU.ActiveCfg = Debug|Any CPU
		{28834F0A-7FBD-4DD5-9E18-97E99CF79371}.Debug|Any CPU.Build.0 = Debug|Any CPU
		{28834F0A-7FBD-4DD5-9E18-97E99CF79371}.Debug|x64.ActiveCfg = Debug|Any CPU
		{28834F0A-7FBD-4DD5-9E18-97E99CF79371}.Debug|x64.Build.0 = Debug|Any CPU
		{28834F0A-7FBD-4DD5-9E18-97E99CF79371}.Debug|x86.ActiveCfg = Debug|Any CPU
		{28834F0A-7FBD-4DD5-9E18-97E99CF79371}.Debug|x86.Build.0 = Debug|Any CPU
		{28834F0A-7FBD-4DD5-9E18-97E99CF79371}.Release|Any CPU.ActiveCfg = Release|Any CPU
		{28834F0A-7FBD-4DD5-9E18-97E99CF79371}.Release|Any CPU.Build.0 = Release|Any CPU
		{28834F0A-7FBD-4DD5-9E18-97E99CF79371}.Release|x64.ActiveCfg = Release|Any CPU
		{28834F0A-7FBD-4DD5-9E18-97E99CF79371}.Release|x64.Build.0 = Release|Any CPU
		{28834F0A-7FBD-4DD5-9E18-97E99CF79371}.Release|x86.ActiveCfg = Release|Any CPU
		{28834F0A-7FBD-4DD5-9E18-97E99CF79371}.Release|x86.Build.0 = Release|Any CPU
		{93CEE505-9175-4866-9DE5-FF83D00B98F4}.Debug|Any CPU.ActiveCfg = Debug|Any CPU
		{93CEE505-9175-4866-9DE5-FF83D00B98F4}.Debug|Any CPU.Build.0 = Debug|Any CPU
		{93CEE505-9175-4866-9DE5-FF83D00B98F4}.Debug|x64.ActiveCfg = Debug|Any CPU
		{93CEE505-9175-4866-9DE5-FF83D00B98F4}.Debug|x64.Build.0 = Debug|Any CPU
		{93CEE505-9175-4866-9DE5-FF83D00B98F4}.Debug|x86.ActiveCfg = Debug|Any CPU
		{93CEE505-9175-4866-9DE5-FF83D00B98F4}.Debug|x86.Build.0 = Debug|Any CPU
		{93CEE505-9175-4866-9DE5-FF83D00B98F4}.Release|Any CPU.ActiveCfg = Release|Any CPU
		{93CEE505-9175-4866-9DE5-FF83D00B98F4}.Release|Any CPU.Build.0 = Release|Any CPU
		{93CEE505-9175-4866-9DE5-FF83D00B98F4}.Release|x64.ActiveCfg = Release|Any CPU
		{93CEE505-9175-4866-9DE5-FF83D00B98F4}.Release|x64.Build.0 = Release|Any CPU
		{93CEE505-9175-4866-9DE5-FF83D00B98F4}.Release|x86.ActiveCfg = Release|Any CPU
		{93CEE505-9175-4866-9DE5-FF83D00B98F4}.Release|x86.Build.0 = Release|Any CPU
		{DCB83A00-07F6-4B06-81F3-2E4E51BC4C77}.Debug|Any CPU.ActiveCfg = Debug|Any CPU
		{DCB83A00-07F6-4B06-81F3-2E4E51BC4C77}.Debug|Any CPU.Build.0 = Debug|Any CPU
		{DCB83A00-07F6-4B06-81F3-2E4E51BC4C77}.Debug|x64.ActiveCfg = Debug|Any CPU
		{DCB83A00-07F6-4B06-81F3-2E4E51BC4C77}.Debug|x64.Build.0 = Debug|Any CPU
		{DCB83A00-07F6-4B06-81F3-2E4E51BC4C77}.Debug|x86.ActiveCfg = Debug|Any CPU
		{DCB83A00-07F6-4B06-81F3-2E4E51BC4C77}.Debug|x86.Build.0 = Debug|Any CPU
		{DCB83A00-07F6-4B06-81F3-2E4E51BC4C77}.Release|Any CPU.ActiveCfg = Release|Any CPU
		{DCB83A00-07F6-4B06-81F3-2E4E51BC4C77}.Release|Any CPU.Build.0 = Release|Any CPU
		{DCB83A00-07F6-4B06-81F3-2E4E51BC4C77}.Release|x64.ActiveCfg = Release|Any CPU
		{DCB83A00-07F6-4B06-81F3-2E4E51BC4C77}.Release|x64.Build.0 = Release|Any CPU
		{DCB83A00-07F6-4B06-81F3-2E4E51BC4C77}.Release|x86.ActiveCfg = Release|Any CPU
		{DCB83A00-07F6-4B06-81F3-2E4E51BC4C77}.Release|x86.Build.0 = Release|Any CPU
		{E884FB4B-6E47-4220-BCF4-0A316BC5C90B}.Debug|Any CPU.ActiveCfg = Debug|Any CPU
		{E884FB4B-6E47-4220-BCF4-0A316BC5C90B}.Debug|Any CPU.Build.0 = Debug|Any CPU
		{E884FB4B-6E47-4220-BCF4-0A316BC5C90B}.Debug|x64.ActiveCfg = Debug|Any CPU
		{E884FB4B-6E47-4220-BCF4-0A316BC5C90B}.Debug|x64.Build.0 = Debug|Any CPU
		{E884FB4B-6E47-4220-BCF4-0A316BC5C90B}.Debug|x86.ActiveCfg = Debug|Any CPU
		{E884FB4B-6E47-4220-BCF4-0A316BC5C90B}.Debug|x86.Build.0 = Debug|Any CPU
		{E884FB4B-6E47-4220-BCF4-0A316BC5C90B}.Release|Any CPU.ActiveCfg = Release|Any CPU
		{E884FB4B-6E47-4220-BCF4-0A316BC5C90B}.Release|Any CPU.Build.0 = Release|Any CPU
		{E884FB4B-6E47-4220-BCF4-0A316BC5C90B}.Release|x64.ActiveCfg = Release|Any CPU
		{E884FB4B-6E47-4220-BCF4-0A316BC5C90B}.Release|x64.Build.0 = Release|Any CPU
		{E884FB4B-6E47-4220-BCF4-0A316BC5C90B}.Release|x86.ActiveCfg = Release|Any CPU
		{E884FB4B-6E47-4220-BCF4-0A316BC5C90B}.Release|x86.Build.0 = Release|Any CPU
		{541F5F3C-35EF-4BC9-91E0-02AB27AAA1D9}.Debug|Any CPU.ActiveCfg = Debug|Any CPU
		{541F5F3C-35EF-4BC9-91E0-02AB27AAA1D9}.Debug|Any CPU.Build.0 = Debug|Any CPU
		{541F5F3C-35EF-4BC9-91E0-02AB27AAA1D9}.Debug|x64.ActiveCfg = Debug|Any CPU
		{541F5F3C-35EF-4BC9-91E0-02AB27AAA1D9}.Debug|x64.Build.0 = Debug|Any CPU
		{541F5F3C-35EF-4BC9-91E0-02AB27AAA1D9}.Debug|x86.ActiveCfg = Debug|Any CPU
		{541F5F3C-35EF-4BC9-91E0-02AB27AAA1D9}.Debug|x86.Build.0 = Debug|Any CPU
		{541F5F3C-35EF-4BC9-91E0-02AB27AAA1D9}.Release|Any CPU.ActiveCfg = Release|Any CPU
		{541F5F3C-35EF-4BC9-91E0-02AB27AAA1D9}.Release|Any CPU.Build.0 = Release|Any CPU
		{541F5F3C-35EF-4BC9-91E0-02AB27AAA1D9}.Release|x64.ActiveCfg = Release|Any CPU
		{541F5F3C-35EF-4BC9-91E0-02AB27AAA1D9}.Release|x64.Build.0 = Release|Any CPU
		{541F5F3C-35EF-4BC9-91E0-02AB27AAA1D9}.Release|x86.ActiveCfg = Release|Any CPU
		{541F5F3C-35EF-4BC9-91E0-02AB27AAA1D9}.Release|x86.Build.0 = Release|Any CPU
		{192647DC-F3E2-4E75-B29D-58D55F63A4FE}.Debug|Any CPU.ActiveCfg = Debug|Any CPU
		{192647DC-F3E2-4E75-B29D-58D55F63A4FE}.Debug|Any CPU.Build.0 = Debug|Any CPU
		{192647DC-F3E2-4E75-B29D-58D55F63A4FE}.Debug|x64.ActiveCfg = Debug|Any CPU
		{192647DC-F3E2-4E75-B29D-58D55F63A4FE}.Debug|x64.Build.0 = Debug|Any CPU
		{192647DC-F3E2-4E75-B29D-58D55F63A4FE}.Debug|x86.ActiveCfg = Debug|Any CPU
		{192647DC-F3E2-4E75-B29D-58D55F63A4FE}.Debug|x86.Build.0 = Debug|Any CPU
		{192647DC-F3E2-4E75-B29D-58D55F63A4FE}.Release|Any CPU.ActiveCfg = Release|Any CPU
		{192647DC-F3E2-4E75-B29D-58D55F63A4FE}.Release|Any CPU.Build.0 = Release|Any CPU
		{192647DC-F3E2-4E75-B29D-58D55F63A4FE}.Release|x64.ActiveCfg = Release|Any CPU
		{192647DC-F3E2-4E75-B29D-58D55F63A4FE}.Release|x64.Build.0 = Release|Any CPU
		{192647DC-F3E2-4E75-B29D-58D55F63A4FE}.Release|x86.ActiveCfg = Release|Any CPU
		{192647DC-F3E2-4E75-B29D-58D55F63A4FE}.Release|x86.Build.0 = Release|Any CPU
		{EB6F4C3A-1886-4D2E-A8FB-45D97A91EB9F}.Debug|Any CPU.ActiveCfg = Debug|Any CPU
		{EB6F4C3A-1886-4D2E-A8FB-45D97A91EB9F}.Debug|Any CPU.Build.0 = Debug|Any CPU
		{EB6F4C3A-1886-4D2E-A8FB-45D97A91EB9F}.Debug|x64.ActiveCfg = Debug|Any CPU
		{EB6F4C3A-1886-4D2E-A8FB-45D97A91EB9F}.Debug|x64.Build.0 = Debug|Any CPU
		{EB6F4C3A-1886-4D2E-A8FB-45D97A91EB9F}.Debug|x86.ActiveCfg = Debug|Any CPU
		{EB6F4C3A-1886-4D2E-A8FB-45D97A91EB9F}.Debug|x86.Build.0 = Debug|Any CPU
		{EB6F4C3A-1886-4D2E-A8FB-45D97A91EB9F}.Release|Any CPU.ActiveCfg = Release|Any CPU
		{EB6F4C3A-1886-4D2E-A8FB-45D97A91EB9F}.Release|Any CPU.Build.0 = Release|Any CPU
		{EB6F4C3A-1886-4D2E-A8FB-45D97A91EB9F}.Release|x64.ActiveCfg = Release|Any CPU
		{EB6F4C3A-1886-4D2E-A8FB-45D97A91EB9F}.Release|x64.Build.0 = Release|Any CPU
		{EB6F4C3A-1886-4D2E-A8FB-45D97A91EB9F}.Release|x86.ActiveCfg = Release|Any CPU
		{EB6F4C3A-1886-4D2E-A8FB-45D97A91EB9F}.Release|x86.Build.0 = Release|Any CPU
		{BDD3C3AC-04DD-4CE5-9334-F96E57E1A46B}.Debug|Any CPU.ActiveCfg = Debug|Any CPU
		{BDD3C3AC-04DD-4CE5-9334-F96E57E1A46B}.Debug|Any CPU.Build.0 = Debug|Any CPU
		{BDD3C3AC-04DD-4CE5-9334-F96E57E1A46B}.Debug|x64.ActiveCfg = Debug|Any CPU
		{BDD3C3AC-04DD-4CE5-9334-F96E57E1A46B}.Debug|x64.Build.0 = Debug|Any CPU
		{BDD3C3AC-04DD-4CE5-9334-F96E57E1A46B}.Debug|x86.ActiveCfg = Debug|Any CPU
		{BDD3C3AC-04DD-4CE5-9334-F96E57E1A46B}.Debug|x86.Build.0 = Debug|Any CPU
		{BDD3C3AC-04DD-4CE5-9334-F96E57E1A46B}.Release|Any CPU.ActiveCfg = Release|Any CPU
		{BDD3C3AC-04DD-4CE5-9334-F96E57E1A46B}.Release|Any CPU.Build.0 = Release|Any CPU
		{BDD3C3AC-04DD-4CE5-9334-F96E57E1A46B}.Release|x64.ActiveCfg = Release|Any CPU
		{BDD3C3AC-04DD-4CE5-9334-F96E57E1A46B}.Release|x64.Build.0 = Release|Any CPU
		{BDD3C3AC-04DD-4CE5-9334-F96E57E1A46B}.Release|x86.ActiveCfg = Release|Any CPU
		{BDD3C3AC-04DD-4CE5-9334-F96E57E1A46B}.Release|x86.Build.0 = Release|Any CPU
		{3A44E11D-B885-4A25-9B4A-630EF5D57D95}.Debug|Any CPU.ActiveCfg = Debug|Any CPU
		{3A44E11D-B885-4A25-9B4A-630EF5D57D95}.Debug|Any CPU.Build.0 = Debug|Any CPU
		{3A44E11D-B885-4A25-9B4A-630EF5D57D95}.Debug|x64.ActiveCfg = Debug|Any CPU
		{3A44E11D-B885-4A25-9B4A-630EF5D57D95}.Debug|x64.Build.0 = Debug|Any CPU
		{3A44E11D-B885-4A25-9B4A-630EF5D57D95}.Debug|x86.ActiveCfg = Debug|Any CPU
		{3A44E11D-B885-4A25-9B4A-630EF5D57D95}.Debug|x86.Build.0 = Debug|Any CPU
		{3A44E11D-B885-4A25-9B4A-630EF5D57D95}.Release|Any CPU.ActiveCfg = Release|Any CPU
		{3A44E11D-B885-4A25-9B4A-630EF5D57D95}.Release|Any CPU.Build.0 = Release|Any CPU
		{3A44E11D-B885-4A25-9B4A-630EF5D57D95}.Release|x64.ActiveCfg = Release|Any CPU
		{3A44E11D-B885-4A25-9B4A-630EF5D57D95}.Release|x64.Build.0 = Release|Any CPU
		{3A44E11D-B885-4A25-9B4A-630EF5D57D95}.Release|x86.ActiveCfg = Release|Any CPU
		{3A44E11D-B885-4A25-9B4A-630EF5D57D95}.Release|x86.Build.0 = Release|Any CPU
		{23838AAA-6719-4227-966E-5A1D8D5AE2CC}.Debug|Any CPU.ActiveCfg = Debug|Any CPU
		{23838AAA-6719-4227-966E-5A1D8D5AE2CC}.Debug|Any CPU.Build.0 = Debug|Any CPU
		{23838AAA-6719-4227-966E-5A1D8D5AE2CC}.Debug|x64.ActiveCfg = Debug|Any CPU
		{23838AAA-6719-4227-966E-5A1D8D5AE2CC}.Debug|x64.Build.0 = Debug|Any CPU
		{23838AAA-6719-4227-966E-5A1D8D5AE2CC}.Debug|x86.ActiveCfg = Debug|Any CPU
		{23838AAA-6719-4227-966E-5A1D8D5AE2CC}.Debug|x86.Build.0 = Debug|Any CPU
		{23838AAA-6719-4227-966E-5A1D8D5AE2CC}.Release|Any CPU.ActiveCfg = Release|Any CPU
		{23838AAA-6719-4227-966E-5A1D8D5AE2CC}.Release|Any CPU.Build.0 = Release|Any CPU
		{23838AAA-6719-4227-966E-5A1D8D5AE2CC}.Release|x64.ActiveCfg = Release|Any CPU
		{23838AAA-6719-4227-966E-5A1D8D5AE2CC}.Release|x64.Build.0 = Release|Any CPU
		{23838AAA-6719-4227-966E-5A1D8D5AE2CC}.Release|x86.ActiveCfg = Release|Any CPU
		{23838AAA-6719-4227-966E-5A1D8D5AE2CC}.Release|x86.Build.0 = Release|Any CPU
	EndGlobalSection
	GlobalSection(NestedProjects) = preSolution
		{3B806027-868A-4619-894A-82A32E9F9037} = {D067D9A3-32FE-4B01-85C3-9158417FE12C}
		{28834F0A-7FBD-4DD5-9E18-97E99CF79371} = {D067D9A3-32FE-4B01-85C3-9158417FE12C}
		{93CEE505-9175-4866-9DE5-FF83D00B98F4} = {D067D9A3-32FE-4B01-85C3-9158417FE12C}
		{DCB83A00-07F6-4B06-81F3-2E4E51BC4C77} = {D067D9A3-32FE-4B01-85C3-9158417FE12C}
		{E884FB4B-6E47-4220-BCF4-0A316BC5C90B} = {0B527AF4-E22E-4199-932A-F0ADA799EFE4}
		{541F5F3C-35EF-4BC9-91E0-02AB27AAA1D9} = {0B527AF4-E22E-4199-932A-F0ADA799EFE4}
		{C5CD2ABD-C8B8-43E9-91DD-07B42C48ED62} = {D067D9A3-32FE-4B01-85C3-9158417FE12C}
		{192647DC-F3E2-4E75-B29D-58D55F63A4FE} = {C5CD2ABD-C8B8-43E9-91DD-07B42C48ED62}
		{E32D8CC2-C013-4386-BDAF-840EC6AE86F5} = {0B527AF4-E22E-4199-932A-F0ADA799EFE4}
		{EB6F4C3A-1886-4D2E-A8FB-45D97A91EB9F} = {E32D8CC2-C013-4386-BDAF-840EC6AE86F5}
		{BDD3C3AC-04DD-4CE5-9334-F96E57E1A46B} = {C5CD2ABD-C8B8-43E9-91DD-07B42C48ED62}
		{3A44E11D-B885-4A25-9B4A-630EF5D57D95} = {0B527AF4-E22E-4199-932A-F0ADA799EFE4}
		{23838AAA-6719-4227-966E-5A1D8D5AE2CC} = {C5CD2ABD-C8B8-43E9-91DD-07B42C48ED62}
	EndGlobalSection
EndGlobal
