
Microsoft Visual Studio Solution File, Format Version 12.00
# Visual Studio 15
VisualStudioVersion = 15.0.26124.0
MinimumVisualStudioVersion = 15.0.26124.0
Project("{2150E333-8FDC-42A3-9474-1A3956D46DE8}") = "src", "src", "{D067D9A3-32FE-4B01-85C3-9158417FE12C}"
EndProject
Project("{FAE04EC0-301F-11D3-BF4B-00C04F79EFBC}") = "core", "src\core\core.csproj", "{3B806027-868A-4619-894A-82A32E9F9037}"
EndProject
Project("{FAE04EC0-301F-11D3-BF4B-00C04F79EFBC}") = "web", "src\web\web.csproj", "{93CEE505-9175-4866-9DE5-FF83D00B98F4}"
EndProject
Project("{FAE04EC0-301F-11D3-BF4B-00C04F79EFBC}") = "storage", "src\infrastructure\storage.postgres\storage.postgres.csproj", "{DCB83A00-07F6-4B06-81F3-2E4E51BC4C77}"
EndProject
Project("{2150E333-8FDC-42A3-9474-1A3956D46DE8}") = "tests", "tests", "{0B527AF4-E22E-4199-932A-F0ADA799EFE4}"
EndProject
Project("{FAE04EC0-301F-11D3-BF4B-00C04F79EFBC}") = "storage", "tests\storagetests\storagetests.csproj", "{E884FB4B-6E47-4220-BCF4-0A316BC5C90B}"
EndProject
Project("{FAE04EC0-301F-11D3-BF4B-00C04F79EFBC}") = "coretests", "tests\coretests\coretests.csproj", "{541F5F3C-35EF-4BC9-91E0-02AB27AAA1D9}"
EndProject
Project("{2150E333-8FDC-42A3-9474-1A3956D46DE8}") = "infrastructure", "infrastructure", "{C5CD2ABD-C8B8-43E9-91DD-07B42C48ED62}"
EndProject
Project("{2150E333-8FDC-42A3-9474-1A3956D46DE8}") = "infrastructuretests", "infrastructuretests", "{E32D8CC2-C013-4386-BDAF-840EC6AE86F5}"
EndProject
Project("{FAE04EC0-301F-11D3-BF4B-00C04F79EFBC}") = "storage.shared", "src\infrastructure\storage.shared\storage.shared.csproj", "{23838AAA-6719-4227-966E-5A1D8D5AE2CC}"
EndProject
Project("{FAE04EC0-301F-11D3-BF4B-00C04F79EFBC}") = "csvparser", "src\infrastructure\csvparser\csvparser.csproj", "{E291ED3F-4519-4E20-8253-1E08399B8B68}"
EndProject
Project("{FAE04EC0-301F-11D3-BF4B-00C04F79EFBC}") = "webtests", "tests\webtests\webtests.csproj", "{30724D9A-24B7-4936-B313-BD0BBA5128F4}"
EndProject
Project("{FAE04EC0-301F-11D3-BF4B-00C04F79EFBC}") = "sendgridclient", "src\infrastructure\sendgridclient\sendgridclient.csproj", "{5B708725-D78A-4CF9-A153-A119E70B2209}"
EndProject
Project("{FAE04EC0-301F-11D3-BF4B-00C04F79EFBC}") = "stripe", "src\infrastructure\stripe\stripe.csproj", "{85333C1B-1A65-4A31-A204-A673E85E821A}"
EndProject
Project("{FAE04EC0-301F-11D3-BF4B-00C04F79EFBC}") = "coinmarketcap", "src\infrastructure\coinmarketcap\coinmarketcap.csproj", "{A6D1F896-2DD9-43FD-B89B-A409E47387B2}"
EndProject
Project("{FAE04EC0-301F-11D3-BF4B-00C04F79EFBC}") = "coinmarketcaptests", "tests\infrastructuretests\coinmarketcaptests\coinmarketcaptests.csproj", "{2325CB4B-7C8B-4FDD-BE12-7CDB1720ECCB}"
EndProject
Project("{FAE04EC0-301F-11D3-BF4B-00C04F79EFBC}") = "testutils", "tests\testutils\testutils.csproj", "{B2CCE899-C696-489E-A267-BD2A3D8972D2}"
EndProject
Project("{FAE04EC0-301F-11D3-BF4B-00C04F79EFBC}") = "storage.memory", "src\infrastructure\storage.memory\storage.memory.csproj", "{420CE0BB-9522-411C-8E0E-6B509A3054FE}"
EndProject
Project("{FAE04EC0-301F-11D3-BF4B-00C04F79EFBC}") = "twilioclient", "src\infrastructure\twilioclient\twilioclient.csproj", "{871EEBCA-2882-4817-AFB6-BACF02008FB1}"
EndProject
Project("{FAE04EC0-301F-11D3-BF4B-00C04F79EFBC}") = "tdameritradeclient", "src\infrastructure\tdameritradeclient\tdameritradeclient.csproj", "{582E150E-986C-4B49-836A-A8CF3558D3C9}"
EndProject
Project("{FAE04EC0-301F-11D3-BF4B-00C04F79EFBC}") = "tdameritradeclienttests", "tests\infrastructuretests\tdameritradeclienttests\tdameritradeclienttests.csproj", "{C1848435-5966-4F9A-AAC2-28EB122C28CC}"
EndProject
Project("{FAE04EC0-301F-11D3-BF4B-00C04F79EFBC}") = "csvparsertests", "tests\infrastructuretests\csvparsertests\csvparsertests.csproj", "{CF876311-D1F1-4B78-9459-F24FD75B22B5}"
EndProject
Global
	GlobalSection(SolutionConfigurationPlatforms) = preSolution
		Debug|Any CPU = Debug|Any CPU
		Debug|x64 = Debug|x64
		Debug|x86 = Debug|x86
		Release|Any CPU = Release|Any CPU
		Release|x64 = Release|x64
		Release|x86 = Release|x86
	EndGlobalSection
	GlobalSection(SolutionProperties) = preSolution
		HideSolutionNode = FALSE
	EndGlobalSection
	GlobalSection(ProjectConfigurationPlatforms) = postSolution
		{3B806027-868A-4619-894A-82A32E9F9037}.Debug|Any CPU.ActiveCfg = Debug|Any CPU
		{3B806027-868A-4619-894A-82A32E9F9037}.Debug|Any CPU.Build.0 = Debug|Any CPU
		{3B806027-868A-4619-894A-82A32E9F9037}.Debug|x64.ActiveCfg = Debug|Any CPU
		{3B806027-868A-4619-894A-82A32E9F9037}.Debug|x64.Build.0 = Debug|Any CPU
		{3B806027-868A-4619-894A-82A32E9F9037}.Debug|x86.ActiveCfg = Debug|Any CPU
		{3B806027-868A-4619-894A-82A32E9F9037}.Debug|x86.Build.0 = Debug|Any CPU
		{3B806027-868A-4619-894A-82A32E9F9037}.Release|Any CPU.ActiveCfg = Release|Any CPU
		{3B806027-868A-4619-894A-82A32E9F9037}.Release|Any CPU.Build.0 = Release|Any CPU
		{3B806027-868A-4619-894A-82A32E9F9037}.Release|x64.ActiveCfg = Release|Any CPU
		{3B806027-868A-4619-894A-82A32E9F9037}.Release|x64.Build.0 = Release|Any CPU
		{3B806027-868A-4619-894A-82A32E9F9037}.Release|x86.ActiveCfg = Release|Any CPU
		{3B806027-868A-4619-894A-82A32E9F9037}.Release|x86.Build.0 = Release|Any CPU
		{93CEE505-9175-4866-9DE5-FF83D00B98F4}.Debug|Any CPU.ActiveCfg = Debug|Any CPU
		{93CEE505-9175-4866-9DE5-FF83D00B98F4}.Debug|Any CPU.Build.0 = Debug|Any CPU
		{93CEE505-9175-4866-9DE5-FF83D00B98F4}.Debug|x64.ActiveCfg = Debug|Any CPU
		{93CEE505-9175-4866-9DE5-FF83D00B98F4}.Debug|x64.Build.0 = Debug|Any CPU
		{93CEE505-9175-4866-9DE5-FF83D00B98F4}.Debug|x86.ActiveCfg = Debug|Any CPU
		{93CEE505-9175-4866-9DE5-FF83D00B98F4}.Debug|x86.Build.0 = Debug|Any CPU
		{93CEE505-9175-4866-9DE5-FF83D00B98F4}.Release|Any CPU.ActiveCfg = Release|Any CPU
		{93CEE505-9175-4866-9DE5-FF83D00B98F4}.Release|Any CPU.Build.0 = Release|Any CPU
		{93CEE505-9175-4866-9DE5-FF83D00B98F4}.Release|x64.ActiveCfg = Release|Any CPU
		{93CEE505-9175-4866-9DE5-FF83D00B98F4}.Release|x64.Build.0 = Release|Any CPU
		{93CEE505-9175-4866-9DE5-FF83D00B98F4}.Release|x86.ActiveCfg = Release|Any CPU
		{93CEE505-9175-4866-9DE5-FF83D00B98F4}.Release|x86.Build.0 = Release|Any CPU
		{DCB83A00-07F6-4B06-81F3-2E4E51BC4C77}.Debug|Any CPU.ActiveCfg = Debug|Any CPU
		{DCB83A00-07F6-4B06-81F3-2E4E51BC4C77}.Debug|Any CPU.Build.0 = Debug|Any CPU
		{DCB83A00-07F6-4B06-81F3-2E4E51BC4C77}.Debug|x64.ActiveCfg = Debug|Any CPU
		{DCB83A00-07F6-4B06-81F3-2E4E51BC4C77}.Debug|x64.Build.0 = Debug|Any CPU
		{DCB83A00-07F6-4B06-81F3-2E4E51BC4C77}.Debug|x86.ActiveCfg = Debug|Any CPU
		{DCB83A00-07F6-4B06-81F3-2E4E51BC4C77}.Debug|x86.Build.0 = Debug|Any CPU
		{DCB83A00-07F6-4B06-81F3-2E4E51BC4C77}.Release|Any CPU.ActiveCfg = Release|Any CPU
		{DCB83A00-07F6-4B06-81F3-2E4E51BC4C77}.Release|Any CPU.Build.0 = Release|Any CPU
		{DCB83A00-07F6-4B06-81F3-2E4E51BC4C77}.Release|x64.ActiveCfg = Release|Any CPU
		{DCB83A00-07F6-4B06-81F3-2E4E51BC4C77}.Release|x64.Build.0 = Release|Any CPU
		{DCB83A00-07F6-4B06-81F3-2E4E51BC4C77}.Release|x86.ActiveCfg = Release|Any CPU
		{DCB83A00-07F6-4B06-81F3-2E4E51BC4C77}.Release|x86.Build.0 = Release|Any CPU
		{E884FB4B-6E47-4220-BCF4-0A316BC5C90B}.Debug|Any CPU.ActiveCfg = Debug|Any CPU
		{E884FB4B-6E47-4220-BCF4-0A316BC5C90B}.Debug|Any CPU.Build.0 = Debug|Any CPU
		{E884FB4B-6E47-4220-BCF4-0A316BC5C90B}.Debug|x64.ActiveCfg = Debug|Any CPU
		{E884FB4B-6E47-4220-BCF4-0A316BC5C90B}.Debug|x64.Build.0 = Debug|Any CPU
		{E884FB4B-6E47-4220-BCF4-0A316BC5C90B}.Debug|x86.ActiveCfg = Debug|Any CPU
		{E884FB4B-6E47-4220-BCF4-0A316BC5C90B}.Debug|x86.Build.0 = Debug|Any CPU
		{E884FB4B-6E47-4220-BCF4-0A316BC5C90B}.Release|Any CPU.ActiveCfg = Release|Any CPU
		{E884FB4B-6E47-4220-BCF4-0A316BC5C90B}.Release|Any CPU.Build.0 = Release|Any CPU
		{E884FB4B-6E47-4220-BCF4-0A316BC5C90B}.Release|x64.ActiveCfg = Release|Any CPU
		{E884FB4B-6E47-4220-BCF4-0A316BC5C90B}.Release|x64.Build.0 = Release|Any CPU
		{E884FB4B-6E47-4220-BCF4-0A316BC5C90B}.Release|x86.ActiveCfg = Release|Any CPU
		{E884FB4B-6E47-4220-BCF4-0A316BC5C90B}.Release|x86.Build.0 = Release|Any CPU
		{541F5F3C-35EF-4BC9-91E0-02AB27AAA1D9}.Debug|Any CPU.ActiveCfg = Debug|Any CPU
		{541F5F3C-35EF-4BC9-91E0-02AB27AAA1D9}.Debug|Any CPU.Build.0 = Debug|Any CPU
		{541F5F3C-35EF-4BC9-91E0-02AB27AAA1D9}.Debug|x64.ActiveCfg = Debug|Any CPU
		{541F5F3C-35EF-4BC9-91E0-02AB27AAA1D9}.Debug|x64.Build.0 = Debug|Any CPU
		{541F5F3C-35EF-4BC9-91E0-02AB27AAA1D9}.Debug|x86.ActiveCfg = Debug|Any CPU
		{541F5F3C-35EF-4BC9-91E0-02AB27AAA1D9}.Debug|x86.Build.0 = Debug|Any CPU
		{541F5F3C-35EF-4BC9-91E0-02AB27AAA1D9}.Release|Any CPU.ActiveCfg = Release|Any CPU
		{541F5F3C-35EF-4BC9-91E0-02AB27AAA1D9}.Release|Any CPU.Build.0 = Release|Any CPU
		{541F5F3C-35EF-4BC9-91E0-02AB27AAA1D9}.Release|x64.ActiveCfg = Release|Any CPU
		{541F5F3C-35EF-4BC9-91E0-02AB27AAA1D9}.Release|x64.Build.0 = Release|Any CPU
		{541F5F3C-35EF-4BC9-91E0-02AB27AAA1D9}.Release|x86.ActiveCfg = Release|Any CPU
		{541F5F3C-35EF-4BC9-91E0-02AB27AAA1D9}.Release|x86.Build.0 = Release|Any CPU
		{23838AAA-6719-4227-966E-5A1D8D5AE2CC}.Debug|Any CPU.ActiveCfg = Debug|Any CPU
		{23838AAA-6719-4227-966E-5A1D8D5AE2CC}.Debug|Any CPU.Build.0 = Debug|Any CPU
		{23838AAA-6719-4227-966E-5A1D8D5AE2CC}.Debug|x64.ActiveCfg = Debug|Any CPU
		{23838AAA-6719-4227-966E-5A1D8D5AE2CC}.Debug|x64.Build.0 = Debug|Any CPU
		{23838AAA-6719-4227-966E-5A1D8D5AE2CC}.Debug|x86.ActiveCfg = Debug|Any CPU
		{23838AAA-6719-4227-966E-5A1D8D5AE2CC}.Debug|x86.Build.0 = Debug|Any CPU
		{23838AAA-6719-4227-966E-5A1D8D5AE2CC}.Release|Any CPU.ActiveCfg = Release|Any CPU
		{23838AAA-6719-4227-966E-5A1D8D5AE2CC}.Release|Any CPU.Build.0 = Release|Any CPU
		{23838AAA-6719-4227-966E-5A1D8D5AE2CC}.Release|x64.ActiveCfg = Release|Any CPU
		{23838AAA-6719-4227-966E-5A1D8D5AE2CC}.Release|x64.Build.0 = Release|Any CPU
		{23838AAA-6719-4227-966E-5A1D8D5AE2CC}.Release|x86.ActiveCfg = Release|Any CPU
		{23838AAA-6719-4227-966E-5A1D8D5AE2CC}.Release|x86.Build.0 = Release|Any CPU
		{E291ED3F-4519-4E20-8253-1E08399B8B68}.Debug|Any CPU.ActiveCfg = Debug|Any CPU
		{E291ED3F-4519-4E20-8253-1E08399B8B68}.Debug|Any CPU.Build.0 = Debug|Any CPU
		{E291ED3F-4519-4E20-8253-1E08399B8B68}.Debug|x64.ActiveCfg = Debug|Any CPU
		{E291ED3F-4519-4E20-8253-1E08399B8B68}.Debug|x64.Build.0 = Debug|Any CPU
		{E291ED3F-4519-4E20-8253-1E08399B8B68}.Debug|x86.ActiveCfg = Debug|Any CPU
		{E291ED3F-4519-4E20-8253-1E08399B8B68}.Debug|x86.Build.0 = Debug|Any CPU
		{E291ED3F-4519-4E20-8253-1E08399B8B68}.Release|Any CPU.ActiveCfg = Release|Any CPU
		{E291ED3F-4519-4E20-8253-1E08399B8B68}.Release|Any CPU.Build.0 = Release|Any CPU
		{E291ED3F-4519-4E20-8253-1E08399B8B68}.Release|x64.ActiveCfg = Release|Any CPU
		{E291ED3F-4519-4E20-8253-1E08399B8B68}.Release|x64.Build.0 = Release|Any CPU
		{E291ED3F-4519-4E20-8253-1E08399B8B68}.Release|x86.ActiveCfg = Release|Any CPU
		{E291ED3F-4519-4E20-8253-1E08399B8B68}.Release|x86.Build.0 = Release|Any CPU
		{30724D9A-24B7-4936-B313-BD0BBA5128F4}.Debug|Any CPU.ActiveCfg = Debug|Any CPU
		{30724D9A-24B7-4936-B313-BD0BBA5128F4}.Debug|Any CPU.Build.0 = Debug|Any CPU
		{30724D9A-24B7-4936-B313-BD0BBA5128F4}.Debug|x64.ActiveCfg = Debug|Any CPU
		{30724D9A-24B7-4936-B313-BD0BBA5128F4}.Debug|x64.Build.0 = Debug|Any CPU
		{30724D9A-24B7-4936-B313-BD0BBA5128F4}.Debug|x86.ActiveCfg = Debug|Any CPU
		{30724D9A-24B7-4936-B313-BD0BBA5128F4}.Debug|x86.Build.0 = Debug|Any CPU
		{30724D9A-24B7-4936-B313-BD0BBA5128F4}.Release|Any CPU.ActiveCfg = Release|Any CPU
		{30724D9A-24B7-4936-B313-BD0BBA5128F4}.Release|Any CPU.Build.0 = Release|Any CPU
		{30724D9A-24B7-4936-B313-BD0BBA5128F4}.Release|x64.ActiveCfg = Release|Any CPU
		{30724D9A-24B7-4936-B313-BD0BBA5128F4}.Release|x64.Build.0 = Release|Any CPU
		{30724D9A-24B7-4936-B313-BD0BBA5128F4}.Release|x86.ActiveCfg = Release|Any CPU
		{30724D9A-24B7-4936-B313-BD0BBA5128F4}.Release|x86.Build.0 = Release|Any CPU
		{5B708725-D78A-4CF9-A153-A119E70B2209}.Debug|Any CPU.ActiveCfg = Debug|Any CPU
		{5B708725-D78A-4CF9-A153-A119E70B2209}.Debug|Any CPU.Build.0 = Debug|Any CPU
		{5B708725-D78A-4CF9-A153-A119E70B2209}.Debug|x64.ActiveCfg = Debug|Any CPU
		{5B708725-D78A-4CF9-A153-A119E70B2209}.Debug|x64.Build.0 = Debug|Any CPU
		{5B708725-D78A-4CF9-A153-A119E70B2209}.Debug|x86.ActiveCfg = Debug|Any CPU
		{5B708725-D78A-4CF9-A153-A119E70B2209}.Debug|x86.Build.0 = Debug|Any CPU
		{5B708725-D78A-4CF9-A153-A119E70B2209}.Release|Any CPU.ActiveCfg = Release|Any CPU
		{5B708725-D78A-4CF9-A153-A119E70B2209}.Release|Any CPU.Build.0 = Release|Any CPU
		{5B708725-D78A-4CF9-A153-A119E70B2209}.Release|x64.ActiveCfg = Release|Any CPU
		{5B708725-D78A-4CF9-A153-A119E70B2209}.Release|x64.Build.0 = Release|Any CPU
		{5B708725-D78A-4CF9-A153-A119E70B2209}.Release|x86.ActiveCfg = Release|Any CPU
		{5B708725-D78A-4CF9-A153-A119E70B2209}.Release|x86.Build.0 = Release|Any CPU
		{85333C1B-1A65-4A31-A204-A673E85E821A}.Debug|Any CPU.ActiveCfg = Debug|Any CPU
		{85333C1B-1A65-4A31-A204-A673E85E821A}.Debug|Any CPU.Build.0 = Debug|Any CPU
		{85333C1B-1A65-4A31-A204-A673E85E821A}.Debug|x64.ActiveCfg = Debug|Any CPU
		{85333C1B-1A65-4A31-A204-A673E85E821A}.Debug|x64.Build.0 = Debug|Any CPU
		{85333C1B-1A65-4A31-A204-A673E85E821A}.Debug|x86.ActiveCfg = Debug|Any CPU
		{85333C1B-1A65-4A31-A204-A673E85E821A}.Debug|x86.Build.0 = Debug|Any CPU
		{85333C1B-1A65-4A31-A204-A673E85E821A}.Release|Any CPU.ActiveCfg = Release|Any CPU
		{85333C1B-1A65-4A31-A204-A673E85E821A}.Release|Any CPU.Build.0 = Release|Any CPU
		{85333C1B-1A65-4A31-A204-A673E85E821A}.Release|x64.ActiveCfg = Release|Any CPU
		{85333C1B-1A65-4A31-A204-A673E85E821A}.Release|x64.Build.0 = Release|Any CPU
		{85333C1B-1A65-4A31-A204-A673E85E821A}.Release|x86.ActiveCfg = Release|Any CPU
		{85333C1B-1A65-4A31-A204-A673E85E821A}.Release|x86.Build.0 = Release|Any CPU
		{A6D1F896-2DD9-43FD-B89B-A409E47387B2}.Debug|Any CPU.ActiveCfg = Debug|Any CPU
		{A6D1F896-2DD9-43FD-B89B-A409E47387B2}.Debug|Any CPU.Build.0 = Debug|Any CPU
		{A6D1F896-2DD9-43FD-B89B-A409E47387B2}.Debug|x64.ActiveCfg = Debug|Any CPU
		{A6D1F896-2DD9-43FD-B89B-A409E47387B2}.Debug|x64.Build.0 = Debug|Any CPU
		{A6D1F896-2DD9-43FD-B89B-A409E47387B2}.Debug|x86.ActiveCfg = Debug|Any CPU
		{A6D1F896-2DD9-43FD-B89B-A409E47387B2}.Debug|x86.Build.0 = Debug|Any CPU
		{A6D1F896-2DD9-43FD-B89B-A409E47387B2}.Release|Any CPU.ActiveCfg = Release|Any CPU
		{A6D1F896-2DD9-43FD-B89B-A409E47387B2}.Release|Any CPU.Build.0 = Release|Any CPU
		{A6D1F896-2DD9-43FD-B89B-A409E47387B2}.Release|x64.ActiveCfg = Release|Any CPU
		{A6D1F896-2DD9-43FD-B89B-A409E47387B2}.Release|x64.Build.0 = Release|Any CPU
		{A6D1F896-2DD9-43FD-B89B-A409E47387B2}.Release|x86.ActiveCfg = Release|Any CPU
		{A6D1F896-2DD9-43FD-B89B-A409E47387B2}.Release|x86.Build.0 = Release|Any CPU
		{2325CB4B-7C8B-4FDD-BE12-7CDB1720ECCB}.Debug|Any CPU.ActiveCfg = Debug|Any CPU
		{2325CB4B-7C8B-4FDD-BE12-7CDB1720ECCB}.Debug|Any CPU.Build.0 = Debug|Any CPU
		{2325CB4B-7C8B-4FDD-BE12-7CDB1720ECCB}.Debug|x64.ActiveCfg = Debug|Any CPU
		{2325CB4B-7C8B-4FDD-BE12-7CDB1720ECCB}.Debug|x64.Build.0 = Debug|Any CPU
		{2325CB4B-7C8B-4FDD-BE12-7CDB1720ECCB}.Debug|x86.ActiveCfg = Debug|Any CPU
		{2325CB4B-7C8B-4FDD-BE12-7CDB1720ECCB}.Debug|x86.Build.0 = Debug|Any CPU
		{2325CB4B-7C8B-4FDD-BE12-7CDB1720ECCB}.Release|Any CPU.ActiveCfg = Release|Any CPU
		{2325CB4B-7C8B-4FDD-BE12-7CDB1720ECCB}.Release|Any CPU.Build.0 = Release|Any CPU
		{2325CB4B-7C8B-4FDD-BE12-7CDB1720ECCB}.Release|x64.ActiveCfg = Release|Any CPU
		{2325CB4B-7C8B-4FDD-BE12-7CDB1720ECCB}.Release|x64.Build.0 = Release|Any CPU
		{2325CB4B-7C8B-4FDD-BE12-7CDB1720ECCB}.Release|x86.ActiveCfg = Release|Any CPU
		{2325CB4B-7C8B-4FDD-BE12-7CDB1720ECCB}.Release|x86.Build.0 = Release|Any CPU
		{B2CCE899-C696-489E-A267-BD2A3D8972D2}.Debug|Any CPU.ActiveCfg = Debug|Any CPU
		{B2CCE899-C696-489E-A267-BD2A3D8972D2}.Debug|Any CPU.Build.0 = Debug|Any CPU
		{B2CCE899-C696-489E-A267-BD2A3D8972D2}.Debug|x64.ActiveCfg = Debug|Any CPU
		{B2CCE899-C696-489E-A267-BD2A3D8972D2}.Debug|x64.Build.0 = Debug|Any CPU
		{B2CCE899-C696-489E-A267-BD2A3D8972D2}.Debug|x86.ActiveCfg = Debug|Any CPU
		{B2CCE899-C696-489E-A267-BD2A3D8972D2}.Debug|x86.Build.0 = Debug|Any CPU
		{B2CCE899-C696-489E-A267-BD2A3D8972D2}.Release|Any CPU.ActiveCfg = Release|Any CPU
		{B2CCE899-C696-489E-A267-BD2A3D8972D2}.Release|Any CPU.Build.0 = Release|Any CPU
		{B2CCE899-C696-489E-A267-BD2A3D8972D2}.Release|x64.ActiveCfg = Release|Any CPU
		{B2CCE899-C696-489E-A267-BD2A3D8972D2}.Release|x64.Build.0 = Release|Any CPU
		{B2CCE899-C696-489E-A267-BD2A3D8972D2}.Release|x86.ActiveCfg = Release|Any CPU
		{B2CCE899-C696-489E-A267-BD2A3D8972D2}.Release|x86.Build.0 = Release|Any CPU
		{420CE0BB-9522-411C-8E0E-6B509A3054FE}.Debug|Any CPU.ActiveCfg = Debug|Any CPU
		{420CE0BB-9522-411C-8E0E-6B509A3054FE}.Debug|Any CPU.Build.0 = Debug|Any CPU
		{420CE0BB-9522-411C-8E0E-6B509A3054FE}.Debug|x64.ActiveCfg = Debug|Any CPU
		{420CE0BB-9522-411C-8E0E-6B509A3054FE}.Debug|x64.Build.0 = Debug|Any CPU
		{420CE0BB-9522-411C-8E0E-6B509A3054FE}.Debug|x86.ActiveCfg = Debug|Any CPU
		{420CE0BB-9522-411C-8E0E-6B509A3054FE}.Debug|x86.Build.0 = Debug|Any CPU
		{420CE0BB-9522-411C-8E0E-6B509A3054FE}.Release|Any CPU.ActiveCfg = Release|Any CPU
		{420CE0BB-9522-411C-8E0E-6B509A3054FE}.Release|Any CPU.Build.0 = Release|Any CPU
		{420CE0BB-9522-411C-8E0E-6B509A3054FE}.Release|x64.ActiveCfg = Release|Any CPU
		{420CE0BB-9522-411C-8E0E-6B509A3054FE}.Release|x64.Build.0 = Release|Any CPU
		{420CE0BB-9522-411C-8E0E-6B509A3054FE}.Release|x86.ActiveCfg = Release|Any CPU
		{420CE0BB-9522-411C-8E0E-6B509A3054FE}.Release|x86.Build.0 = Release|Any CPU
		{871EEBCA-2882-4817-AFB6-BACF02008FB1}.Debug|Any CPU.ActiveCfg = Debug|Any CPU
		{871EEBCA-2882-4817-AFB6-BACF02008FB1}.Debug|Any CPU.Build.0 = Debug|Any CPU
		{871EEBCA-2882-4817-AFB6-BACF02008FB1}.Debug|x64.ActiveCfg = Debug|Any CPU
		{871EEBCA-2882-4817-AFB6-BACF02008FB1}.Debug|x64.Build.0 = Debug|Any CPU
		{871EEBCA-2882-4817-AFB6-BACF02008FB1}.Debug|x86.ActiveCfg = Debug|Any CPU
		{871EEBCA-2882-4817-AFB6-BACF02008FB1}.Debug|x86.Build.0 = Debug|Any CPU
		{871EEBCA-2882-4817-AFB6-BACF02008FB1}.Release|Any CPU.ActiveCfg = Release|Any CPU
		{871EEBCA-2882-4817-AFB6-BACF02008FB1}.Release|Any CPU.Build.0 = Release|Any CPU
		{871EEBCA-2882-4817-AFB6-BACF02008FB1}.Release|x64.ActiveCfg = Release|Any CPU
		{871EEBCA-2882-4817-AFB6-BACF02008FB1}.Release|x64.Build.0 = Release|Any CPU
		{871EEBCA-2882-4817-AFB6-BACF02008FB1}.Release|x86.ActiveCfg = Release|Any CPU
		{871EEBCA-2882-4817-AFB6-BACF02008FB1}.Release|x86.Build.0 = Release|Any CPU
		{582E150E-986C-4B49-836A-A8CF3558D3C9}.Debug|Any CPU.ActiveCfg = Debug|Any CPU
		{582E150E-986C-4B49-836A-A8CF3558D3C9}.Debug|Any CPU.Build.0 = Debug|Any CPU
		{582E150E-986C-4B49-836A-A8CF3558D3C9}.Debug|x64.ActiveCfg = Debug|Any CPU
		{582E150E-986C-4B49-836A-A8CF3558D3C9}.Debug|x64.Build.0 = Debug|Any CPU
		{582E150E-986C-4B49-836A-A8CF3558D3C9}.Debug|x86.ActiveCfg = Debug|Any CPU
		{582E150E-986C-4B49-836A-A8CF3558D3C9}.Debug|x86.Build.0 = Debug|Any CPU
		{582E150E-986C-4B49-836A-A8CF3558D3C9}.Release|Any CPU.ActiveCfg = Release|Any CPU
		{582E150E-986C-4B49-836A-A8CF3558D3C9}.Release|Any CPU.Build.0 = Release|Any CPU
		{582E150E-986C-4B49-836A-A8CF3558D3C9}.Release|x64.ActiveCfg = Release|Any CPU
		{582E150E-986C-4B49-836A-A8CF3558D3C9}.Release|x64.Build.0 = Release|Any CPU
		{582E150E-986C-4B49-836A-A8CF3558D3C9}.Release|x86.ActiveCfg = Release|Any CPU
		{582E150E-986C-4B49-836A-A8CF3558D3C9}.Release|x86.Build.0 = Release|Any CPU
		{C1848435-5966-4F9A-AAC2-28EB122C28CC}.Debug|Any CPU.ActiveCfg = Debug|Any CPU
		{C1848435-5966-4F9A-AAC2-28EB122C28CC}.Debug|Any CPU.Build.0 = Debug|Any CPU
		{C1848435-5966-4F9A-AAC2-28EB122C28CC}.Debug|x64.ActiveCfg = Debug|Any CPU
		{C1848435-5966-4F9A-AAC2-28EB122C28CC}.Debug|x64.Build.0 = Debug|Any CPU
		{C1848435-5966-4F9A-AAC2-28EB122C28CC}.Debug|x86.ActiveCfg = Debug|Any CPU
		{C1848435-5966-4F9A-AAC2-28EB122C28CC}.Debug|x86.Build.0 = Debug|Any CPU
		{C1848435-5966-4F9A-AAC2-28EB122C28CC}.Release|Any CPU.ActiveCfg = Release|Any CPU
		{C1848435-5966-4F9A-AAC2-28EB122C28CC}.Release|Any CPU.Build.0 = Release|Any CPU
		{C1848435-5966-4F9A-AAC2-28EB122C28CC}.Release|x64.ActiveCfg = Release|Any CPU
		{C1848435-5966-4F9A-AAC2-28EB122C28CC}.Release|x64.Build.0 = Release|Any CPU
		{C1848435-5966-4F9A-AAC2-28EB122C28CC}.Release|x86.ActiveCfg = Release|Any CPU
		{C1848435-5966-4F9A-AAC2-28EB122C28CC}.Release|x86.Build.0 = Release|Any CPU
		{CF876311-D1F1-4B78-9459-F24FD75B22B5}.Debug|Any CPU.ActiveCfg = Debug|Any CPU
		{CF876311-D1F1-4B78-9459-F24FD75B22B5}.Debug|Any CPU.Build.0 = Debug|Any CPU
		{CF876311-D1F1-4B78-9459-F24FD75B22B5}.Debug|x64.ActiveCfg = Debug|Any CPU
		{CF876311-D1F1-4B78-9459-F24FD75B22B5}.Debug|x64.Build.0 = Debug|Any CPU
		{CF876311-D1F1-4B78-9459-F24FD75B22B5}.Debug|x86.ActiveCfg = Debug|Any CPU
		{CF876311-D1F1-4B78-9459-F24FD75B22B5}.Debug|x86.Build.0 = Debug|Any CPU
		{CF876311-D1F1-4B78-9459-F24FD75B22B5}.Release|Any CPU.ActiveCfg = Release|Any CPU
		{CF876311-D1F1-4B78-9459-F24FD75B22B5}.Release|Any CPU.Build.0 = Release|Any CPU
		{CF876311-D1F1-4B78-9459-F24FD75B22B5}.Release|x64.ActiveCfg = Release|Any CPU
		{CF876311-D1F1-4B78-9459-F24FD75B22B5}.Release|x64.Build.0 = Release|Any CPU
		{CF876311-D1F1-4B78-9459-F24FD75B22B5}.Release|x86.ActiveCfg = Release|Any CPU
		{CF876311-D1F1-4B78-9459-F24FD75B22B5}.Release|x86.Build.0 = Release|Any CPU
	EndGlobalSection
	GlobalSection(NestedProjects) = preSolution
		{3B806027-868A-4619-894A-82A32E9F9037} = {D067D9A3-32FE-4B01-85C3-9158417FE12C}
		{93CEE505-9175-4866-9DE5-FF83D00B98F4} = {D067D9A3-32FE-4B01-85C3-9158417FE12C}
		{DCB83A00-07F6-4B06-81F3-2E4E51BC4C77} = {D067D9A3-32FE-4B01-85C3-9158417FE12C}
		{E884FB4B-6E47-4220-BCF4-0A316BC5C90B} = {0B527AF4-E22E-4199-932A-F0ADA799EFE4}
		{541F5F3C-35EF-4BC9-91E0-02AB27AAA1D9} = {0B527AF4-E22E-4199-932A-F0ADA799EFE4}
		{C5CD2ABD-C8B8-43E9-91DD-07B42C48ED62} = {D067D9A3-32FE-4B01-85C3-9158417FE12C}
		{E32D8CC2-C013-4386-BDAF-840EC6AE86F5} = {0B527AF4-E22E-4199-932A-F0ADA799EFE4}
		{23838AAA-6719-4227-966E-5A1D8D5AE2CC} = {C5CD2ABD-C8B8-43E9-91DD-07B42C48ED62}
		{E291ED3F-4519-4E20-8253-1E08399B8B68} = {C5CD2ABD-C8B8-43E9-91DD-07B42C48ED62}
		{30724D9A-24B7-4936-B313-BD0BBA5128F4} = {0B527AF4-E22E-4199-932A-F0ADA799EFE4}
		{5B708725-D78A-4CF9-A153-A119E70B2209} = {C5CD2ABD-C8B8-43E9-91DD-07B42C48ED62}
		{85333C1B-1A65-4A31-A204-A673E85E821A} = {C5CD2ABD-C8B8-43E9-91DD-07B42C48ED62}
		{A6D1F896-2DD9-43FD-B89B-A409E47387B2} = {C5CD2ABD-C8B8-43E9-91DD-07B42C48ED62}
		{2325CB4B-7C8B-4FDD-BE12-7CDB1720ECCB} = {E32D8CC2-C013-4386-BDAF-840EC6AE86F5}
		{B2CCE899-C696-489E-A267-BD2A3D8972D2} = {0B527AF4-E22E-4199-932A-F0ADA799EFE4}
		{420CE0BB-9522-411C-8E0E-6B509A3054FE} = {C5CD2ABD-C8B8-43E9-91DD-07B42C48ED62}
		{871EEBCA-2882-4817-AFB6-BACF02008FB1} = {C5CD2ABD-C8B8-43E9-91DD-07B42C48ED62}
		{582E150E-986C-4B49-836A-A8CF3558D3C9} = {C5CD2ABD-C8B8-43E9-91DD-07B42C48ED62}
		{C1848435-5966-4F9A-AAC2-28EB122C28CC} = {E32D8CC2-C013-4386-BDAF-840EC6AE86F5}
		{CF876311-D1F1-4B78-9459-F24FD75B22B5} = {E32D8CC2-C013-4386-BDAF-840EC6AE86F5}
	EndGlobalSection
EndGlobal
